
Microsoft Visual Studio Solution File, Format Version 11.00
# Visual Studio 2010
Project("{FAE04EC0-301F-11D3-BF4B-00C04F79EFBC}") = "WebApplication", "if-ws-bing\WebApplication\WebApplication.csproj", "{FA2B8FEC-AF54-44AC-B9A3-E3EED5A54FF5}"
EndProject
Project("{F2A71F9B-5D33-465A-A702-920D77279786}") = "if-bing-maps", "if-ws-bing\WebSharperProject\if-bing-maps.fsproj", "{A561CB6E-D81A-4269-866F-3990CF25C397}"
EndProject
Global
	GlobalSection(SolutionConfigurationPlatforms) = preSolution
		Debug|Any CPU = Debug|Any CPU
		Release|Any CPU = Release|Any CPU
	EndGlobalSection
	GlobalSection(ProjectConfigurationPlatforms) = postSolution
		{FA2B8FEC-AF54-44AC-B9A3-E3EED5A54FF5}.Debug|Any CPU.ActiveCfg = Debug|Any CPU
		{FA2B8FEC-AF54-44AC-B9A3-E3EED5A54FF5}.Debug|Any CPU.Build.0 = Debug|Any CPU
		{FA2B8FEC-AF54-44AC-B9A3-E3EED5A54FF5}.Release|Any CPU.ActiveCfg = Release|Any CPU
		{FA2B8FEC-AF54-44AC-B9A3-E3EED5A54FF5}.Release|Any CPU.Build.0 = Release|Any CPU
		{A561CB6E-D81A-4269-866F-3990CF25C397}.Debug|Any CPU.ActiveCfg = Debug|Any CPU
		{A561CB6E-D81A-4269-866F-3990CF25C397}.Debug|Any CPU.Build.0 = Debug|Any CPU
		{A561CB6E-D81A-4269-866F-3990CF25C397}.Release|Any CPU.ActiveCfg = Release|Any CPU
		{A561CB6E-D81A-4269-866F-3990CF25C397}.Release|Any CPU.Build.0 = Release|Any CPU
	EndGlobalSection
	GlobalSection(SolutionProperties) = preSolution
		HideSolutionNode = FALSE
	EndGlobalSection
EndGlobal
